
Microsoft Visual Studio Solution File, Format Version 12.00
# Visual Studio Version 17
VisualStudioVersion = 17.0.32126.317
MinimumVisualStudioVersion = 10.0.40219.1
Project("{FAE04EC0-301F-11D3-BF4B-00C04F79EFBC}") = "Unidas.MS.Telemetria.API", "Unidas.MS.Telemetria.API\Unidas.MS.Telemetria.API.csproj", "{91D584EB-2CA5-4DDA-A670-F7CA8D7E9614}"
EndProject
Project("{FAE04EC0-301F-11D3-BF4B-00C04F79EFBC}") = "Unidas.MS.Telemetria.Domain", "Unidas.MS.Telemetria.Domain\Unidas.MS.Telemetria.Domain.csproj", "{FE14A1AC-8D85-426D-954F-9E928A93840A}"
EndProject
Project("{FAE04EC0-301F-11D3-BF4B-00C04F79EFBC}") = "Unidas.MS.Telemetria.Application", "Unidas.MS.Telemetria.Application\Unidas.MS.Telemetria.Application.csproj", "{A76F93CA-3D8C-410B-A056-4927633F4DE8}"
EndProject
Project("{FAE04EC0-301F-11D3-BF4B-00C04F79EFBC}") = "Unidas.MS.Telemetria.Infra", "Unidas.MS.Telemetria.Infra\Unidas.MS.Telemetria.Infra.csproj", "{D561A770-48AE-4AFD-8551-32349880296B}"
EndProject
Project("{FAE04EC0-301F-11D3-BF4B-00C04F79EFBC}") = "Unidas.MS.Telemetria.Infra.IoC", "Unidas.MS.Telemetria.Infra.IoC\Unidas.MS.Telemetria.Infra.IoC.csproj", "{08F4661F-57EE-42A3-ADBF-E583F54AFB3C}"
EndProject
Global
	GlobalSection(SolutionConfigurationPlatforms) = preSolution
		Debug|Any CPU = Debug|Any CPU
		Release|Any CPU = Release|Any CPU
	EndGlobalSection
	GlobalSection(ProjectConfigurationPlatforms) = postSolution
		{91D584EB-2CA5-4DDA-A670-F7CA8D7E9614}.Debug|Any CPU.ActiveCfg = Debug|Any CPU
		{91D584EB-2CA5-4DDA-A670-F7CA8D7E9614}.Debug|Any CPU.Build.0 = Debug|Any CPU
		{91D584EB-2CA5-4DDA-A670-F7CA8D7E9614}.Release|Any CPU.ActiveCfg = Release|Any CPU
		{91D584EB-2CA5-4DDA-A670-F7CA8D7E9614}.Release|Any CPU.Build.0 = Release|Any CPU
		{FE14A1AC-8D85-426D-954F-9E928A93840A}.Debug|Any CPU.ActiveCfg = Debug|Any CPU
		{FE14A1AC-8D85-426D-954F-9E928A93840A}.Debug|Any CPU.Build.0 = Debug|Any CPU
		{FE14A1AC-8D85-426D-954F-9E928A93840A}.Release|Any CPU.ActiveCfg = Release|Any CPU
		{FE14A1AC-8D85-426D-954F-9E928A93840A}.Release|Any CPU.Build.0 = Release|Any CPU
		{A76F93CA-3D8C-410B-A056-4927633F4DE8}.Debug|Any CPU.ActiveCfg = Debug|Any CPU
		{A76F93CA-3D8C-410B-A056-4927633F4DE8}.Debug|Any CPU.Build.0 = Debug|Any CPU
		{A76F93CA-3D8C-410B-A056-4927633F4DE8}.Release|Any CPU.ActiveCfg = Release|Any CPU
		{A76F93CA-3D8C-410B-A056-4927633F4DE8}.Release|Any CPU.Build.0 = Release|Any CPU
		{D561A770-48AE-4AFD-8551-32349880296B}.Debug|Any CPU.ActiveCfg = Debug|Any CPU
		{D561A770-48AE-4AFD-8551-32349880296B}.Debug|Any CPU.Build.0 = Debug|Any CPU
		{D561A770-48AE-4AFD-8551-32349880296B}.Release|Any CPU.ActiveCfg = Release|Any CPU
		{D561A770-48AE-4AFD-8551-32349880296B}.Release|Any CPU.Build.0 = Release|Any CPU
		{08F4661F-57EE-42A3-ADBF-E583F54AFB3C}.Debug|Any CPU.ActiveCfg = Debug|Any CPU
		{08F4661F-57EE-42A3-ADBF-E583F54AFB3C}.Debug|Any CPU.Build.0 = Debug|Any CPU
		{08F4661F-57EE-42A3-ADBF-E583F54AFB3C}.Release|Any CPU.ActiveCfg = Release|Any CPU
		{08F4661F-57EE-42A3-ADBF-E583F54AFB3C}.Release|Any CPU.Build.0 = Release|Any CPU
	EndGlobalSection
	GlobalSection(SolutionProperties) = preSolution
		HideSolutionNode = FALSE
	EndGlobalSection
	GlobalSection(ExtensibilityGlobals) = postSolution
		SolutionGuid = {E0769324-2256-447E-BEA8-0368E168645B}
	EndGlobalSection
EndGlobal
