
Microsoft Visual Studio Solution File, Format Version 12.00
# Visual Studio Version 17
VisualStudioVersion = 17.3.32922.545
MinimumVisualStudioVersion = 10.0.40219.1
Project("{FAE04EC0-301F-11D3-BF4B-00C04F79EFBC}") = "SensidiaTemplateDotNet", "SensidiaTemplateDotNet.csproj", "{DB60B0F0-9C41-4491-97F6-3EDF21613EB8}"
EndProject
Global
	GlobalSection(SolutionConfigurationPlatforms) = preSolution
		Debug|Any CPU = Debug|Any CPU
		Release|Any CPU = Release|Any CPU
	EndGlobalSection
	GlobalSection(ProjectConfigurationPlatforms) = postSolution
		{DB60B0F0-9C41-4491-97F6-3EDF21613EB8}.Debug|Any CPU.ActiveCfg = Debug|Any CPU
		{DB60B0F0-9C41-4491-97F6-3EDF21613EB8}.Debug|Any CPU.Build.0 = Debug|Any CPU
		{DB60B0F0-9C41-4491-97F6-3EDF21613EB8}.Release|Any CPU.ActiveCfg = Release|Any CPU
		{DB60B0F0-9C41-4491-97F6-3EDF21613EB8}.Release|Any CPU.Build.0 = Release|Any CPU
	EndGlobalSection
	GlobalSection(SolutionProperties) = preSolution
		HideSolutionNode = FALSE
	EndGlobalSection
	GlobalSection(ExtensibilityGlobals) = postSolution
		SolutionGuid = {351EF89D-FC85-436B-BA20-8C66ADC999DF}
	EndGlobalSection
EndGlobal
